
Microsoft Visual Studio Solution File, Format Version 12.00
# Visual Studio Version 17
VisualStudioVersion = 17.5.33530.505
MinimumVisualStudioVersion = 10.0.40219.1
Project("{FAE04EC0-301F-11D3-BF4B-00C04F79EFBC}") = "VardabitService", "VardabitService\VardabitService.csproj", "{3B161DF3-AB52-40C9-A83B-FA0A0990A975}"
EndProject
Global
	GlobalSection(SolutionConfigurationPlatforms) = preSolution
		Debug|Any CPU = Debug|Any CPU
		Release|Any CPU = Release|Any CPU
	EndGlobalSection
	GlobalSection(ProjectConfigurationPlatforms) = postSolution
		{3B161DF3-AB52-40C9-A83B-FA0A0990A975}.Debug|Any CPU.ActiveCfg = Debug|Any CPU
		{3B161DF3-AB52-40C9-A83B-FA0A0990A975}.Debug|Any CPU.Build.0 = Debug|Any CPU
		{3B161DF3-AB52-40C9-A83B-FA0A0990A975}.Release|Any CPU.ActiveCfg = Release|Any CPU
		{3B161DF3-AB52-40C9-A83B-FA0A0990A975}.Release|Any CPU.Build.0 = Release|Any CPU
	EndGlobalSection
	GlobalSection(SolutionProperties) = preSolution
		HideSolutionNode = FALSE
	EndGlobalSection
	GlobalSection(ExtensibilityGlobals) = postSolution
		SolutionGuid = {10578AF5-97C4-45CC-8CAE-07D2D29C6DA9}
	EndGlobalSection
EndGlobal
